
Microsoft Visual Studio Solution File, Format Version 12.00
# Visual Studio Version 16
VisualStudioVersion = 16.0.31129.286
MinimumVisualStudioVersion = 10.0.40219.1
Project("{FAE04EC0-301F-11D3-BF4B-00C04F79EFBC}") = "TransportFEProject", "TransportFEProject\TransportFEProject.csproj", "{8F0F9935-E320-4AA8-BD10-AA0F11C285DB}"
EndProject
Project("{FAE04EC0-301F-11D3-BF4B-00C04F79EFBC}") = "TransportDALLibrary", "TransportDALLibrary\TransportDALLibrary.csproj", "{479E18D2-F3F7-4CEE-8565-D42EC7F104FC}"
EndProject
Project("{FAE04EC0-301F-11D3-BF4B-00C04F79EFBC}") = "TransportBLLibrary", "TransportBLLibrary\TransportBLLibrary.csproj", "{F39C6046-0615-4BDE-A5F8-F58540875911}"
EndProject
Global
	GlobalSection(SolutionConfigurationPlatforms) = preSolution
		Debug|Any CPU = Debug|Any CPU
		Release|Any CPU = Release|Any CPU
	EndGlobalSection
	GlobalSection(ProjectConfigurationPlatforms) = postSolution
		{8F0F9935-E320-4AA8-BD10-AA0F11C285DB}.Debug|Any CPU.ActiveCfg = Debug|Any CPU
		{8F0F9935-E320-4AA8-BD10-AA0F11C285DB}.Debug|Any CPU.Build.0 = Debug|Any CPU
		{8F0F9935-E320-4AA8-BD10-AA0F11C285DB}.Release|Any CPU.ActiveCfg = Release|Any CPU
		{8F0F9935-E320-4AA8-BD10-AA0F11C285DB}.Release|Any CPU.Build.0 = Release|Any CPU
		{479E18D2-F3F7-4CEE-8565-D42EC7F104FC}.Debug|Any CPU.ActiveCfg = Debug|Any CPU
		{479E18D2-F3F7-4CEE-8565-D42EC7F104FC}.Debug|Any CPU.Build.0 = Debug|Any CPU
		{479E18D2-F3F7-4CEE-8565-D42EC7F104FC}.Release|Any CPU.ActiveCfg = Release|Any CPU
		{479E18D2-F3F7-4CEE-8565-D42EC7F104FC}.Release|Any CPU.Build.0 = Release|Any CPU
		{F39C6046-0615-4BDE-A5F8-F58540875911}.Debug|Any CPU.ActiveCfg = Debug|Any CPU
		{F39C6046-0615-4BDE-A5F8-F58540875911}.Debug|Any CPU.Build.0 = Debug|Any CPU
		{F39C6046-0615-4BDE-A5F8-F58540875911}.Release|Any CPU.ActiveCfg = Release|Any CPU
		{F39C6046-0615-4BDE-A5F8-F58540875911}.Release|Any CPU.Build.0 = Release|Any CPU
	EndGlobalSection
	GlobalSection(SolutionProperties) = preSolution
		HideSolutionNode = FALSE
	EndGlobalSection
	GlobalSection(ExtensibilityGlobals) = postSolution
		SolutionGuid = {E3CE0273-7164-4C5E-B0EC-E93D90F5EEB6}
	EndGlobalSection
EndGlobal
