
Microsoft Visual Studio Solution File, Format Version 12.00
# Visual Studio Version 16
VisualStudioVersion = 16.0.31129.286
MinimumVisualStudioVersion = 10.0.40219.1
Project("{FAE04EC0-301F-11D3-BF4B-00C04F79EFBC}") = "ProfileTaskProject", "ProfileTaskProject\ProfileTaskProject.csproj", "{8E5082D6-0EA7-43E8-8063-300D35253A1D}"
EndProject
Global
	GlobalSection(SolutionConfigurationPlatforms) = preSolution
		Debug|Any CPU = Debug|Any CPU
		Release|Any CPU = Release|Any CPU
	EndGlobalSection
	GlobalSection(ProjectConfigurationPlatforms) = postSolution
		{8E5082D6-0EA7-43E8-8063-300D35253A1D}.Debug|Any CPU.ActiveCfg = Debug|Any CPU
		{8E5082D6-0EA7-43E8-8063-300D35253A1D}.Debug|Any CPU.Build.0 = Debug|Any CPU
		{8E5082D6-0EA7-43E8-8063-300D35253A1D}.Release|Any CPU.ActiveCfg = Release|Any CPU
		{8E5082D6-0EA7-43E8-8063-300D35253A1D}.Release|Any CPU.Build.0 = Release|Any CPU
	EndGlobalSection
	GlobalSection(SolutionProperties) = preSolution
		HideSolutionNode = FALSE
	EndGlobalSection
	GlobalSection(ExtensibilityGlobals) = postSolution
		SolutionGuid = {D75C4848-5C91-47A0-A31D-E8E98988874B}
	EndGlobalSection
EndGlobal
