
Microsoft Visual Studio Solution File, Format Version 12.00
# Visual Studio Version 16
VisualStudioVersion = 16.0.31129.286
MinimumVisualStudioVersion = 10.0.40219.1
Project("{FAE04EC0-301F-11D3-BF4B-00C04F79EFBC}") = "CodeFirstEFProject", "CodeFirstEFProject\CodeFirstEFProject.csproj", "{FAD5E8FB-63C7-4173-A078-471C7AB1595F}"
EndProject
Global
	GlobalSection(SolutionConfigurationPlatforms) = preSolution
		Debug|Any CPU = Debug|Any CPU
		Release|Any CPU = Release|Any CPU
	EndGlobalSection
	GlobalSection(ProjectConfigurationPlatforms) = postSolution
		{FAD5E8FB-63C7-4173-A078-471C7AB1595F}.Debug|Any CPU.ActiveCfg = Debug|Any CPU
		{FAD5E8FB-63C7-4173-A078-471C7AB1595F}.Debug|Any CPU.Build.0 = Debug|Any CPU
		{FAD5E8FB-63C7-4173-A078-471C7AB1595F}.Release|Any CPU.ActiveCfg = Release|Any CPU
		{FAD5E8FB-63C7-4173-A078-471C7AB1595F}.Release|Any CPU.Build.0 = Release|Any CPU
	EndGlobalSection
	GlobalSection(SolutionProperties) = preSolution
		HideSolutionNode = FALSE
	EndGlobalSection
	GlobalSection(ExtensibilityGlobals) = postSolution
		SolutionGuid = {B16301CB-8589-483E-8DAD-7CB2BDCF8283}
	EndGlobalSection
EndGlobal
