
Microsoft Visual Studio Solution File, Format Version 12.00
# Visual Studio Version 16
VisualStudioVersion = 16.0.31129.286
MinimumVisualStudioVersion = 10.0.40219.1
Project("{FAE04EC0-301F-11D3-BF4B-00C04F79EFBC}") = "BankWebAPIMVCProject", "BankWebAPIMVCProject\BankWebAPIMVCProject.csproj", "{03D2A862-4EE6-4B2D-BA8C-D9B40BF765A5}"
EndProject
Global
	GlobalSection(SolutionConfigurationPlatforms) = preSolution
		Debug|Any CPU = Debug|Any CPU
		Release|Any CPU = Release|Any CPU
	EndGlobalSection
	GlobalSection(ProjectConfigurationPlatforms) = postSolution
		{03D2A862-4EE6-4B2D-BA8C-D9B40BF765A5}.Debug|Any CPU.ActiveCfg = Debug|Any CPU
		{03D2A862-4EE6-4B2D-BA8C-D9B40BF765A5}.Debug|Any CPU.Build.0 = Debug|Any CPU
		{03D2A862-4EE6-4B2D-BA8C-D9B40BF765A5}.Release|Any CPU.ActiveCfg = Release|Any CPU
		{03D2A862-4EE6-4B2D-BA8C-D9B40BF765A5}.Release|Any CPU.Build.0 = Release|Any CPU
	EndGlobalSection
	GlobalSection(SolutionProperties) = preSolution
		HideSolutionNode = FALSE
	EndGlobalSection
	GlobalSection(ExtensibilityGlobals) = postSolution
		SolutionGuid = {C59F1298-5294-43B5-8670-8AD151FB1ECE}
	EndGlobalSection
EndGlobal
